
Microsoft Visual Studio Solution File, Format Version 12.00
# Visual Studio Version 17
VisualStudioVersion = 17.12.35707.178
MinimumVisualStudioVersion = 10.0.40219.1
Project("{2150E333-8FDC-42A3-9474-1A3956D46DE8}") = "Core", "Core", "{D4CB4F65-2AEA-4203-BA74-5FD6C715C192}"
EndProject
Project("{2150E333-8FDC-42A3-9474-1A3956D46DE8}") = "src", "src", "{5CC51E21-8A79-4CD6-AB46-F2D13A48BFBB}"
EndProject
Project("{2150E333-8FDC-42A3-9474-1A3956D46DE8}") = "External", "External", "{1CE5A1A9-9172-4A4E-94F8-DD543D791EBD}"
EndProject
Project("{FAE04EC0-301F-11D3-BF4B-00C04F79EFBC}") = "AU-Framework.Application", "AU-Framework.Application\AU-Framework.Application.csproj", "{B140A54C-3D80-4EBF-BA3D-4C3028EF84DB}"
EndProject
Project("{FAE04EC0-301F-11D3-BF4B-00C04F79EFBC}") = "AU-Framework.Domain", "AU-Framework.Domain\AU-Framework.Domain.csproj", "{8466CF7D-BE27-44CE-8D56-0B239BBA5314}"
EndProject
Project("{FAE04EC0-301F-11D3-BF4B-00C04F79EFBC}") = "AU-Framework.Inftrastructure", "AU-Framework.Inftrastructure\AU-Framework.Inftrastructure.csproj", "{75CB331C-6261-4124-89CB-527830572070}"
EndProject
Project("{FAE04EC0-301F-11D3-BF4B-00C04F79EFBC}") = "AU-Framework.WebAPI", "AU-Framework.WebAPI\AU-Framework.WebAPI.csproj", "{7704D2B4-6858-4F73-B76C-637EAF167A40}"
EndProject
Project("{FAE04EC0-301F-11D3-BF4B-00C04F79EFBC}") = "AU-Framework.Persistance", "AU-Framework.Persistance\AU-Framework.Persistance.csproj", "{0458340D-8BE6-4E78-91B4-9BCB65ABEBD4}"
EndProject
Project("{FAE04EC0-301F-11D3-BF4B-00C04F79EFBC}") = "AU-Framework.Presentation", "AU-Framework.Presentation\AU-Framework.Presentation.csproj", "{412D14D3-EEEE-4D33-969E-C0C7371AD099}"
EndProject
Project("{2150E333-8FDC-42A3-9474-1A3956D46DE8}") = "test", "test", "{9446CF1E-7B7D-460D-B68C-49392C93B7D0}"
EndProject
Project("{FAE04EC0-301F-11D3-BF4B-00C04F79EFBC}") = "AU-Framework.UnitTest", "AU-Framework.UnitTest\AU-Framework.UnitTest.csproj", "{F1C0DCBF-C9B7-4119-BFF7-193E3A3C39B3}"
EndProject
Project("{2150E333-8FDC-42A3-9474-1A3956D46DE8}") = "FrontEnd", "FrontEnd", "{FEC2709F-ED1F-4F01-B649-7AEEAEB3BCD1}"
EndProject
Project("{FAE04EC0-301F-11D3-BF4B-00C04F79EFBC}") = "E-Commerce", "E-Commerce\E-Commerce.csproj", "{2C0971AD-D7CB-40F8-A3AC-CCE4D16614C8}"
EndProject
Global
	GlobalSection(SolutionConfigurationPlatforms) = preSolution
		Debug|Any CPU = Debug|Any CPU
		Release|Any CPU = Release|Any CPU
	EndGlobalSection
	GlobalSection(ProjectConfigurationPlatforms) = postSolution
		{B140A54C-3D80-4EBF-BA3D-4C3028EF84DB}.Debug|Any CPU.ActiveCfg = Debug|Any CPU
		{B140A54C-3D80-4EBF-BA3D-4C3028EF84DB}.Debug|Any CPU.Build.0 = Debug|Any CPU
		{B140A54C-3D80-4EBF-BA3D-4C3028EF84DB}.Release|Any CPU.ActiveCfg = Release|Any CPU
		{B140A54C-3D80-4EBF-BA3D-4C3028EF84DB}.Release|Any CPU.Build.0 = Release|Any CPU
		{8466CF7D-BE27-44CE-8D56-0B239BBA5314}.Debug|Any CPU.ActiveCfg = Debug|Any CPU
		{8466CF7D-BE27-44CE-8D56-0B239BBA5314}.Debug|Any CPU.Build.0 = Debug|Any CPU
		{8466CF7D-BE27-44CE-8D56-0B239BBA5314}.Release|Any CPU.ActiveCfg = Release|Any CPU
		{8466CF7D-BE27-44CE-8D56-0B239BBA5314}.Release|Any CPU.Build.0 = Release|Any CPU
		{75CB331C-6261-4124-89CB-527830572070}.Debug|Any CPU.ActiveCfg = Debug|Any CPU
		{75CB331C-6261-4124-89CB-527830572070}.Debug|Any CPU.Build.0 = Debug|Any CPU
		{75CB331C-6261-4124-89CB-527830572070}.Release|Any CPU.ActiveCfg = Release|Any CPU
		{75CB331C-6261-4124-89CB-527830572070}.Release|Any CPU.Build.0 = Release|Any CPU
		{7704D2B4-6858-4F73-B76C-637EAF167A40}.Debug|Any CPU.ActiveCfg = Debug|Any CPU
		{7704D2B4-6858-4F73-B76C-637EAF167A40}.Debug|Any CPU.Build.0 = Debug|Any CPU
		{7704D2B4-6858-4F73-B76C-637EAF167A40}.Release|Any CPU.ActiveCfg = Release|Any CPU
		{7704D2B4-6858-4F73-B76C-637EAF167A40}.Release|Any CPU.Build.0 = Release|Any CPU
		{0458340D-8BE6-4E78-91B4-9BCB65ABEBD4}.Debug|Any CPU.ActiveCfg = Debug|Any CPU
		{0458340D-8BE6-4E78-91B4-9BCB65ABEBD4}.Debug|Any CPU.Build.0 = Debug|Any CPU
		{0458340D-8BE6-4E78-91B4-9BCB65ABEBD4}.Release|Any CPU.ActiveCfg = Release|Any CPU
		{0458340D-8BE6-4E78-91B4-9BCB65ABEBD4}.Release|Any CPU.Build.0 = Release|Any CPU
		{412D14D3-EEEE-4D33-969E-C0C7371AD099}.Debug|Any CPU.ActiveCfg = Debug|Any CPU
		{412D14D3-EEEE-4D33-969E-C0C7371AD099}.Debug|Any CPU.Build.0 = Debug|Any CPU
		{412D14D3-EEEE-4D33-969E-C0C7371AD099}.Release|Any CPU.ActiveCfg = Release|Any CPU
		{412D14D3-EEEE-4D33-969E-C0C7371AD099}.Release|Any CPU.Build.0 = Release|Any CPU
		{F1C0DCBF-C9B7-4119-BFF7-193E3A3C39B3}.Debug|Any CPU.ActiveCfg = Debug|Any CPU
		{F1C0DCBF-C9B7-4119-BFF7-193E3A3C39B3}.Debug|Any CPU.Build.0 = Debug|Any CPU
		{F1C0DCBF-C9B7-4119-BFF7-193E3A3C39B3}.Release|Any CPU.ActiveCfg = Release|Any CPU
		{F1C0DCBF-C9B7-4119-BFF7-193E3A3C39B3}.Release|Any CPU.Build.0 = Release|Any CPU
		{2C0971AD-D7CB-40F8-A3AC-CCE4D16614C8}.Debug|Any CPU.ActiveCfg = Debug|Any CPU
		{2C0971AD-D7CB-40F8-A3AC-CCE4D16614C8}.Debug|Any CPU.Build.0 = Debug|Any CPU
		{2C0971AD-D7CB-40F8-A3AC-CCE4D16614C8}.Release|Any CPU.ActiveCfg = Release|Any CPU
		{2C0971AD-D7CB-40F8-A3AC-CCE4D16614C8}.Release|Any CPU.Build.0 = Release|Any CPU
	EndGlobalSection
	GlobalSection(SolutionProperties) = preSolution
		HideSolutionNode = FALSE
	EndGlobalSection
	GlobalSection(NestedProjects) = preSolution
		{D4CB4F65-2AEA-4203-BA74-5FD6C715C192} = {5CC51E21-8A79-4CD6-AB46-F2D13A48BFBB}
		{1CE5A1A9-9172-4A4E-94F8-DD543D791EBD} = {5CC51E21-8A79-4CD6-AB46-F2D13A48BFBB}
		{B140A54C-3D80-4EBF-BA3D-4C3028EF84DB} = {D4CB4F65-2AEA-4203-BA74-5FD6C715C192}
		{8466CF7D-BE27-44CE-8D56-0B239BBA5314} = {D4CB4F65-2AEA-4203-BA74-5FD6C715C192}
		{75CB331C-6261-4124-89CB-527830572070} = {1CE5A1A9-9172-4A4E-94F8-DD543D791EBD}
		{7704D2B4-6858-4F73-B76C-637EAF167A40} = {5CC51E21-8A79-4CD6-AB46-F2D13A48BFBB}
		{0458340D-8BE6-4E78-91B4-9BCB65ABEBD4} = {1CE5A1A9-9172-4A4E-94F8-DD543D791EBD}
		{412D14D3-EEEE-4D33-969E-C0C7371AD099} = {1CE5A1A9-9172-4A4E-94F8-DD543D791EBD}
		{F1C0DCBF-C9B7-4119-BFF7-193E3A3C39B3} = {9446CF1E-7B7D-460D-B68C-49392C93B7D0}
		{2C0971AD-D7CB-40F8-A3AC-CCE4D16614C8} = {FEC2709F-ED1F-4F01-B649-7AEEAEB3BCD1}
	EndGlobalSection
EndGlobal
